schema: '2.0'
stages:
  prepare_data:
    cmd: python -m src.hydra_torch.scripts.prepare_data data_module=cifar10 
      hydra.run.dir=.
    deps:
    - path: src/hydra_torch/data_modules.py
      hash: md5
      md5: 7bc994e312b1327dc2da983c2c8fa94f
      size: 3344
    - path: src/hydra_torch/scripts/prepare_data.py
      hash: md5
      md5: ddbbc5f3a5034e33e961d85fe3796eba
      size: 585
    outs:
    - path: data/cifar10
      hash: md5
      md5: e252d2c8ba36d1ab3e21a873ab62daa3.dir
      size: 356712185
      nfiles: 9
  train:
    cmd: python -m src.hydra_torch.scripts.train data_module=cifar10 
      task=cifar10_classification trainer=gpu experiment_name=hydra_torch_runs 
      seed=42 trainer.max_epochs=10 data_module.batch_size=64 hydra.run.dir=.
    deps:
    - path: configs
      hash: md5
      md5: 5cd6d34534e1254f654408e2fccce7e2.dir
      size: 1699
      nfiles: 13
    - path: data/cifar10
      hash: md5
      md5: e252d2c8ba36d1ab3e21a873ab62daa3.dir
      size: 356712185
      nfiles: 9
    - path: src/hydra_torch
      hash: md5
      md5: 65344bb69dcab81a32059d8eb69ffcaf.dir
      size: 37912
      nfiles: 23
    params:
      params.yaml:
        batch_size: 64
        data_module: cifar10
        experiment_name: hydra_torch_runs
        max_epochs: 10
        seed: 42
        task: cifar10_classification
        trainer: gpu
    outs:
    - path: checkpoints
      hash: md5
      md5: 4fbb6fbf9d11f3ad98c43bfe61e6b4f7.dir
      size: 188893178
      nfiles: 2
    - path: metrics.json
      hash: md5
      md5: 3debe9f9c4ac99ea40fd7e7d1d15adc8
      size: 44
  evaluate:
    cmd: python -m src.hydra_torch.scripts.evaluate 
      +checkpoint_path=checkpoints/best.ckpt data_module=cifar10 hydra.run.dir=.
    deps:
    - path: checkpoints
      hash: md5
      md5: 4fbb6fbf9d11f3ad98c43bfe61e6b4f7.dir
      size: 188893178
      nfiles: 2
    - path: data/cifar10
      hash: md5
      md5: e252d2c8ba36d1ab3e21a873ab62daa3.dir
      size: 356712185
      nfiles: 9
    - path: src/hydra_torch/scripts/evaluate.py
      hash: md5
      md5: cfabb5f03a9d343d15db6906c4ef176b
      size: 998
    outs:
    - path: eval_metrics.json
      hash: md5
      md5: 3debe9f9c4ac99ea40fd7e7d1d15adc8
      size: 44
